<?xml version="1.0" encoding="utf-8"?>
<Project ToolsVersion="4.0" xmlns="http://schemas.microsoft.com/developer/msbuild/2003">
  <ItemGroup>
    <Filter Include="Source Files">
      <UniqueIdentifier>{4FC737F1-C7A5-4376-A066-2A32D752A2FF}</UniqueIdentifier>
      <Extensions>cpp;c;cc;cxx;def;odl;idl;hpj;bat;asm;asmx</Extensions>
    </Filter>
    <Filter Include="Header Files">
      <UniqueIdentifier>{93995380-89BD-4b04-88EB-625FBE52EBFB}</UniqueIdentifier>
      <Extensions>h;hh;hpp;hxx;hm;inl;inc;ipp;xsd</Extensions>
    </Filter>
    <Filter Include="Resource Files">
      <UniqueIdentifier>{67DA6AB6-F800-4c08-8B7A-83BB121AAD01}</UniqueIdentifier>
      <Extensions>rc;ico;cur;bmp;dlg;rc2;rct;bin;rgs;gif;jpg;jpeg;jpe;resx;tiff;tif;png;wav;mfcribbon-ms</Extensions>
    </Filter>
    <Filter Include="Source Files\Optimization">
      <UniqueIdentifier>{18286cd0-5d7a-448e-b847-59214005faa8}</UniqueIdentifier>
    </Filter>
    <Filter Include="External source code">
      <UniqueIdentifier>{5fb560f8-318e-41a2-bf6b-0b97db720c44}</UniqueIdentifier>
    </Filter>
    <Filter Include="Header Files\Optimization">
      <UniqueIdentifier>{cad44e33-e448-418b-9dfe-df6697fe941f}</UniqueIdentifier>
    </Filter>
  </ItemGroup>
  <ItemGroup>
    <ClInclude Include="SMPLWrapper.h">
      <Filter>Header Files</Filter>
    </ClInclude>
    <ClInclude Include="OpenPoseWrapper.h">
      <Filter>Header Files</Filter>
    </ClInclude>
    <ClInclude Include="AbsoluteDistanceForShape.h">
      <Filter>Header Files\Optimization</Filter>
    </ClInclude>
    <ClInclude Include="AbsoluteDistanceForPose.h">
      <Filter>Header Files\Optimization</Filter>
    </ClInclude>
    <ClInclude Include="ShapeUnderClothOptimizer.h">
      <Filter>Header Files\Optimization</Filter>
    </ClInclude>
    <ClInclude Include="CustomLogger.h">
      <Filter>Header Files</Filter>
    </ClInclude>
    <ClInclude Include="PoseShapeExtractor.h">
      <Filter>Header Files</Filter>
    </ClInclude>
    <ClInclude Include="AbsoluteDistanceBase.h">
      <Filter>Header Files\Optimization</Filter>
    </ClInclude>
    <ClInclude Include="pch.h">
      <Filter>Header Files</Filter>
    </ClInclude>
    <ClInclude Include="AbsoluteDistanceForTranslation.h">
      <Filter>Header Files\Optimization</Filter>
    </ClInclude>
  </ItemGroup>
  <ItemGroup>
    <ClCompile Include="GK-Undressing-People-Ceres.cpp">
      <Filter>Source Files</Filter>
    </ClCompile>
    <ClCompile Include="SMPLWrapper.cpp">
      <Filter>Source Files</Filter>
    </ClCompile>
    <ClCompile Include="OpenPoseWrapper.cpp">
      <Filter>Source Files</Filter>
    </ClCompile>
    <ClCompile Include="ShapeUnderClothOptimizer.cpp">
      <Filter>Source Files\Optimization</Filter>
    </ClCompile>
    <ClCompile Include="AbsoluteDistanceForPose.cpp">
      <Filter>Source Files\Optimization</Filter>
    </ClCompile>
    <ClCompile Include="..\..\..\my_modules\GeneralMesh\GeneralMesh.cpp">
      <Filter>External source code</Filter>
    </ClCompile>
    <ClCompile Include="CustomLogger.cpp">
      <Filter>Source Files</Filter>
    </ClCompile>
    <ClCompile Include="PoseShapeExtractor.cpp">
      <Filter>Source Files</Filter>
    </ClCompile>
    <ClCompile Include="AbsoluteDistanceBase.cpp">
      <Filter>Source Files\Optimization</Filter>
    </ClCompile>
    <ClCompile Include="AbsoluteDistanceForShape.cpp">
      <Filter>Source Files\Optimization</Filter>
    </ClCompile>
    <ClCompile Include="pch.cpp">
      <Filter>Source Files</Filter>
    </ClCompile>
    <ClCompile Include="AbsoluteDistanceForTranslation.cpp">
      <Filter>Source Files\Optimization</Filter>
    </ClCompile>
  </ItemGroup>
</Project>